<?xml version="1.0" encoding="utf-8"?>
<Project ToolsVersion="4.0" xmlns="http://schemas.microsoft.com/developer/msbuild/2003">
  <ItemGroup>
    <Filter Include="test">
      <UniqueIdentifier>{1cd71849-42fd-4beb-8c36-ee216acfc014}</UniqueIdentifier>
    </Filter>
    <Filter Include="test\item">
      <UniqueIdentifier>{73b8ae37-fff3-4b18-94bd-671e7fec08ac}</UniqueIdentifier>
    </Filter>
    <Filter Include="external">
      <UniqueIdentifier>{87bba61b-90fc-4ae3-93e9-9842aeeff7af}</UniqueIdentifier>
    </Filter>
    <Filter Include="external\r2">
      <UniqueIdentifier>{fcf9b28f-6f2a-4644-b365-01d919e85a1c}</UniqueIdentifier>
    </Filter>
    <Filter Include="external\r2bix">
      <UniqueIdentifier>{56c407ac-3cd0-4e36-9350-1d558861105b}</UniqueIdentifier>
    </Filter>
    <Filter Include="external\r2tm">
      <UniqueIdentifier>{332270fb-7af5-4a37-a62b-23bc3e6c6758}</UniqueIdentifier>
    </Filter>
    <Filter Include="p2048mini">
      <UniqueIdentifier>{612fabcb-2d0b-441a-af05-d37b95425bec}</UniqueIdentifier>
    </Filter>
  </ItemGroup>
  <ItemGroup>
    <ClCompile Include="src\main.cpp" />
    <ClCompile Include="src\test\Utility4Test.cpp">
      <Filter>test</Filter>
    </ClCompile>
    <ClCompile Include="src\DevelopmentMenu.cpp" />
    <ClCompile Include="src\p2048mini\p2048mini_NumberComponent.cpp">
      <Filter>p2048mini</Filter>
    </ClCompile>
    <ClCompile Include="src\p2048mini\p2048mini_StageViewComponent.cpp">
      <Filter>p2048mini</Filter>
    </ClCompile>
    <ClCompile Include="src\p2048mini\p2048mini_Stage.cpp">
      <Filter>p2048mini</Filter>
    </ClCompile>
    <ClCompile Include="src\p2048mini\p2048mini_NumberNode.cpp">
      <Filter>p2048mini</Filter>
    </ClCompile>
    <ClCompile Include="src\p2048mini\p2048mini_StageViewNode.cpp">
      <Filter>p2048mini</Filter>
    </ClCompile>
    <ClCompile Include="src\p2048mini\p2048mini_GameScene.cpp">
      <Filter>p2048mini</Filter>
    </ClCompile>
    <ClCompile Include="src\p2048mini\p2048minitable_TextureTable.cpp">
      <Filter>p2048mini</Filter>
    </ClCompile>
    <ClCompile Include="src\p2048mini\p2048mini_GameProcessor.cpp">
      <Filter>p2048mini</Filter>
    </ClCompile>
    <ClCompile Include="src\test\TestMenu.cpp">
      <Filter>test</Filter>
    </ClCompile>
    <ClCompile Include="src\test\item\test_p2048mini_stage.cpp">
      <Filter>test\item</Filter>
    </ClCompile>
    <ClCompile Include="src\test\item\test_p2048mini_stageviewnode.cpp">
      <Filter>test\item</Filter>
    </ClCompile>
    <ClCompile Include="src\test\item\test_p2048mini_numbernode.cpp">
      <Filter>test\item</Filter>
    </ClCompile>
    <ClCompile Include="src\test\item\test_p2048mini_gameprocessor.cpp">
      <Filter>test\item</Filter>
    </ClCompile>
    <ClCompile Include="external\r2\r2_Direction4.cpp">
      <Filter>external\r2</Filter>
    </ClCompile>
    <ClCompile Include="external\r2\r2_FPSTimer.cpp">
      <Filter>external\r2</Filter>
    </ClCompile>
    <ClCompile Include="external\r2\r2_GridIndexConverter.cpp">
      <Filter>external\r2</Filter>
    </ClCompile>
    <ClCompile Include="external\r2\r2_Point_Float.cpp">
      <Filter>external\r2</Filter>
    </ClCompile>
    <ClCompile Include="external\r2\r2_Point_Int.cpp">
      <Filter>external\r2</Filter>
    </ClCompile>
    <ClCompile Include="external\r2\r2_Random.cpp">
      <Filter>external\r2</Filter>
    </ClCompile>
    <ClCompile Include="external\r2\r2_Rect_Int.cpp">
      <Filter>external\r2</Filter>
    </ClCompile>
    <ClCompile Include="external\r2\r2_Size_Int.cpp">
      <Filter>external\r2</Filter>
    </ClCompile>
    <ClCompile Include="external\r2\r2_Timer_Float.cpp">
      <Filter>external\r2</Filter>
    </ClCompile>
    <ClCompile Include="external\r2bix\r2action_AnimationRequestAction.cpp">
      <Filter>external\r2bix</Filter>
    </ClCompile>
    <ClCompile Include="external\r2bix\r2action_BlinkAction.cpp">
      <Filter>external\r2bix</Filter>
    </ClCompile>
    <ClCompile Include="external\r2bix\r2action_CallbackAction.cpp">
      <Filter>external\r2bix</Filter>
    </ClCompile>
    <ClCompile Include="external\r2bix\r2action_DelayAction.cpp">
      <Filter>external\r2bix</Filter>
    </ClCompile>
    <ClCompile Include="external\r2bix\r2action_MoveByAction.cpp">
      <Filter>external\r2bix</Filter>
    </ClCompile>
    <ClCompile Include="external\r2bix\r2action_MoveToAction.cpp">
      <Filter>external\r2bix</Filter>
    </ClCompile>
    <ClCompile Include="external\r2bix\r2action_RepeatAction.cpp">
      <Filter>external\r2bix</Filter>
    </ClCompile>
    <ClCompile Include="external\r2bix\r2action_SequenceAction.cpp">
      <Filter>external\r2bix</Filter>
    </ClCompile>
    <ClCompile Include="external\r2bix\r2action_TickAction.cpp">
      <Filter>external\r2bix</Filter>
    </ClCompile>
    <ClCompile Include="external\r2bix\r2animation_constant.cpp">
      <Filter>external\r2bix</Filter>
    </ClCompile>
    <ClCompile Include="external\r2bix\r2base_ColorValue.cpp">
      <Filter>external\r2bix</Filter>
    </ClCompile>
    <ClCompile Include="external\r2bix\r2base_CoutBufferRedirector.cpp">
      <Filter>external\r2bix</Filter>
    </ClCompile>
    <ClCompile Include="external\r2bix\r2base_DebugConfig.cpp">
      <Filter>external\r2bix</Filter>
    </ClCompile>
    <ClCompile Include="external\r2bix\r2base_Director.cpp">
      <Filter>external\r2bix</Filter>
    </ClCompile>
    <ClCompile Include="external\r2bix\r2base_Node.cpp">
      <Filter>external\r2bix</Filter>
    </ClCompile>
    <ClCompile Include="external\r2bix\r2base_ScreenBufferManager.cpp">
      <Filter>external\r2bix</Filter>
    </ClCompile>
    <ClCompile Include="external\r2bix\r2base_TextureFrameAnimationInfo.cpp">
      <Filter>external\r2bix</Filter>
    </ClCompile>
    <ClCompile Include="external\r2bix\r2base_TextureFrameAnimationTableBase.cpp">
      <Filter>external\r2bix</Filter>
    </ClCompile>
    <ClCompile Include="external\r2bix\r2base_TextureTableBase.cpp">
      <Filter>external\r2bix</Filter>
    </ClCompile>
    <ClCompile Include="external\r2bix\r2component_ActionProcessComponent.cpp">
      <Filter>external\r2bix</Filter>
    </ClCompile>
    <ClCompile Include="external\r2bix\r2component_CustomTextureComponent.cpp">
      <Filter>external\r2bix</Filter>
    </ClCompile>
    <ClCompile Include="external\r2bix\r2component_LabelComponent.cpp">
      <Filter>external\r2bix</Filter>
    </ClCompile>
    <ClCompile Include="external\r2bix\r2component_TextureFrameAnimationComponent.cpp">
      <Filter>external\r2bix</Filter>
    </ClCompile>
    <ClCompile Include="external\r2bix\r2component_TextureFrameRenderComponent.cpp">
      <Filter>external\r2bix</Filter>
    </ClCompile>
    <ClCompile Include="external\r2bix\r2component_TextureRenderComponent.cpp">
      <Filter>external\r2bix</Filter>
    </ClCompile>
    <ClCompile Include="external\r2bix\r2component_TransformComponent.cpp">
      <Filter>external\r2bix</Filter>
    </ClCompile>
    <ClCompile Include="external\r2bix\r2input_Constant.cpp">
      <Filter>external\r2bix</Filter>
    </ClCompile>
    <ClCompile Include="external\r2bix\r2input_KeyboardInputCollector.cpp">
      <Filter>external\r2bix</Filter>
    </ClCompile>
    <ClCompile Include="external\r2bix\r2input_KeyboardInputListener.cpp">
      <Filter>external\r2bix</Filter>
    </ClCompile>
    <ClCompile Include="external\r2bix\r2node_CustomTextureNode.cpp">
      <Filter>external\r2bix</Filter>
    </ClCompile>
    <ClCompile Include="external\r2bix\r2node_LabelNode.cpp">
      <Filter>external\r2bix</Filter>
    </ClCompile>
    <ClCompile Include="external\r2bix\r2node_PivotNode.cpp">
      <Filter>external\r2bix</Filter>
    </ClCompile>
    <ClCompile Include="external\r2bix\r2node_SceneNode.cpp">
      <Filter>external\r2bix</Filter>
    </ClCompile>
    <ClCompile Include="external\r2bix\r2node_SpriteAnimationNode.cpp">
      <Filter>external\r2bix</Filter>
    </ClCompile>
    <ClCompile Include="external\r2bix\r2node_SpriteNode.cpp">
      <Filter>external\r2bix</Filter>
    </ClCompile>
    <ClCompile Include="external\r2bix\r2render_Camera.cpp">
      <Filter>external\r2bix</Filter>
    </ClCompile>
    <ClCompile Include="external\r2bix\r2render_Texture.cpp">
      <Filter>external\r2bix</Filter>
    </ClCompile>
    <ClCompile Include="external\r2bix\r2render_TextureFrame.cpp">
      <Filter>external\r2bix</Filter>
    </ClCompile>
    <ClCompile Include="external\r2bix\r2utility_InputUtil.cpp">
      <Filter>external\r2bix</Filter>
    </ClCompile>
    <ClCompile Include="external\r2bix\r2utility_StringBuilder.cpp">
      <Filter>external\r2bix</Filter>
    </ClCompile>
    <ClCompile Include="src\p2048mini\p2048mini_GameSceneComponent.cpp">
      <Filter>p2048mini</Filter>
    </ClCompile>
    <ClCompile Include="external\r2tm\r2tm_Director.cpp">
      <Filter>external\r2tm</Filter>
    </ClCompile>
    <ClCompile Include="external\r2tm\r2tm_MenuProcessor.cpp">
      <Filter>external\r2tm</Filter>
    </ClCompile>
    <ClCompile Include="external\r2tm\r2tm_PrintBinary.cpp">
      <Filter>external\r2tm</Filter>
    </ClCompile>
    <ClCompile Include="external\r2tm\r2tm_PrintFile.cpp">
      <Filter>external\r2tm</Filter>
    </ClCompile>
    <ClCompile Include="external\r2tm\r2tm_StopWatch.cpp">
      <Filter>external\r2tm</Filter>
    </ClCompile>
    <ClCompile Include="external\r2tm\r2tm_WindowUtility.cpp">
      <Filter>external\r2tm</Filter>
    </ClCompile>
  </ItemGroup>
  <ItemGroup>
    <ClInclude Include="src\test\Utility4Test.h">
      <Filter>test</Filter>
    </ClInclude>
    <ClInclude Include="src\DevelopmentMenu.h" />
    <ClInclude Include="src\p2048mini\p2048mini_Config.h">
      <Filter>p2048mini</Filter>
    </ClInclude>
    <ClInclude Include="src\p2048mini\p2048mini_NumberComponent.h">
      <Filter>p2048mini</Filter>
    </ClInclude>
    <ClInclude Include="src\p2048mini\p2048mini_StageViewComponent.h">
      <Filter>p2048mini</Filter>
    </ClInclude>
    <ClInclude Include="src\p2048mini\p2048mini_Stage.h">
      <Filter>p2048mini</Filter>
    </ClInclude>
    <ClInclude Include="src\p2048mini\p2048mini_NumberNode.h">
      <Filter>p2048mini</Filter>
    </ClInclude>
    <ClInclude Include="src\p2048mini\p2048mini_StageViewNode.h">
      <Filter>p2048mini</Filter>
    </ClInclude>
    <ClInclude Include="src\p2048mini\p2048mini_GameScene.h">
      <Filter>p2048mini</Filter>
    </ClInclude>
    <ClInclude Include="src\p2048mini\p2048minitable_TextureTable.h">
      <Filter>p2048mini</Filter>
    </ClInclude>
    <ClInclude Include="src\p2048mini\p2048mini_GameProcessor.h">
      <Filter>p2048mini</Filter>
    </ClInclude>
    <ClInclude Include="src\test\TestMenu.h">
      <Filter>test</Filter>
    </ClInclude>
    <ClInclude Include="src\test\item\test_p2048mini_stage.h">
      <Filter>test\item</Filter>
    </ClInclude>
    <ClInclude Include="src\test\item\test_p2048mini_stageviewnode.h">
      <Filter>test\item</Filter>
    </ClInclude>
    <ClInclude Include="src\test\item\test_p2048mini_numbernode.h">
      <Filter>test\item</Filter>
    </ClInclude>
    <ClInclude Include="src\test\item\test_p2048mini_gameprocessor.h">
      <Filter>test\item</Filter>
    </ClInclude>
    <ClInclude Include="src\p2048mini\p2048mini_VersionInfo.h">
      <Filter>p2048mini</Filter>
    </ClInclude>
    <ClInclude Include="external\r2\r2_Assert.h">
      <Filter>external\r2</Filter>
    </ClInclude>
    <ClInclude Include="external\r2\r2_Direction4.h">
      <Filter>external\r2</Filter>
    </ClInclude>
    <ClInclude Include="external\r2\r2_FPSTimer.h">
      <Filter>external\r2</Filter>
    </ClInclude>
    <ClInclude Include="external\r2\r2_GridIndexConverter.h">
      <Filter>external\r2</Filter>
    </ClInclude>
    <ClInclude Include="external\r2\r2_Point.h">
      <Filter>external\r2</Filter>
    </ClInclude>
    <ClInclude Include="external\r2\r2_Point_Float.h">
      <Filter>external\r2</Filter>
    </ClInclude>
    <ClInclude Include="external\r2\r2_Point_Int.h">
      <Filter>external\r2</Filter>
    </ClInclude>
    <ClInclude Include="external\r2\r2_Random.h">
      <Filter>external\r2</Filter>
    </ClInclude>
    <ClInclude Include="external\r2\r2_Rect.h">
      <Filter>external\r2</Filter>
    </ClInclude>
    <ClInclude Include="external\r2\r2_Rect_Int.h">
      <Filter>external\r2</Filter>
    </ClInclude>
    <ClInclude Include="external\r2\r2_Size.h">
      <Filter>external\r2</Filter>
    </ClInclude>
    <ClInclude Include="external\r2\r2_Size_Int.h">
      <Filter>external\r2</Filter>
    </ClInclude>
    <ClInclude Include="external\r2\r2_Timer.h">
      <Filter>external\r2</Filter>
    </ClInclude>
    <ClInclude Include="external\r2\r2_Timer_Float.h">
      <Filter>external\r2</Filter>
    </ClInclude>
    <ClInclude Include="external\r2bix\r2action_AnimationRequestAction.h">
      <Filter>external\r2bix</Filter>
    </ClInclude>
    <ClInclude Include="external\r2bix\r2action_BlinkAction.h">
      <Filter>external\r2bix</Filter>
    </ClInclude>
    <ClInclude Include="external\r2bix\r2action_CallbackAction.h">
      <Filter>external\r2bix</Filter>
    </ClInclude>
    <ClInclude Include="external\r2bix\r2action_DelayAction.h">
      <Filter>external\r2bix</Filter>
    </ClInclude>
    <ClInclude Include="external\r2bix\r2action_MoveByAction.h">
      <Filter>external\r2bix</Filter>
    </ClInclude>
    <ClInclude Include="external\r2bix\r2action_MoveToAction.h">
      <Filter>external\r2bix</Filter>
    </ClInclude>
    <ClInclude Include="external\r2bix\r2action_RepeatAction.h">
      <Filter>external\r2bix</Filter>
    </ClInclude>
    <ClInclude Include="external\r2bix\r2action_SequenceAction.h">
      <Filter>external\r2bix</Filter>
    </ClInclude>
    <ClInclude Include="external\r2bix\r2action_TickAction.h">
      <Filter>external\r2bix</Filter>
    </ClInclude>
    <ClInclude Include="external\r2bix\r2animation_constant.h">
      <Filter>external\r2bix</Filter>
    </ClInclude>
    <ClInclude Include="external\r2bix\r2base_Action.h">
      <Filter>external\r2bix</Filter>
    </ClInclude>
    <ClInclude Include="external\r2bix\r2base_ColorValue.h">
      <Filter>external\r2bix</Filter>
    </ClInclude>
    <ClInclude Include="external\r2bix\r2base_Component.h">
      <Filter>external\r2bix</Filter>
    </ClInclude>
    <ClInclude Include="external\r2bix\r2base_ComponentStaticID.h">
      <Filter>external\r2bix</Filter>
    </ClInclude>
    <ClInclude Include="external\r2bix\r2base_CoutBufferRedirector.h">
      <Filter>external\r2bix</Filter>
    </ClInclude>
    <ClInclude Include="external\r2bix\r2base_DebugConfig.h">
      <Filter>external\r2bix</Filter>
    </ClInclude>
    <ClInclude Include="external\r2bix\r2base_Director.h">
      <Filter>external\r2bix</Filter>
    </ClInclude>
    <ClInclude Include="external\r2bix\r2base_Node.h">
      <Filter>external\r2bix</Filter>
    </ClInclude>
    <ClInclude Include="external\r2bix\r2base_ScreenBufferManager.h">
      <Filter>external\r2bix</Filter>
    </ClInclude>
    <ClInclude Include="external\r2bix\r2base_TextureFrameAnimationInfo.h">
      <Filter>external\r2bix</Filter>
    </ClInclude>
    <ClInclude Include="external\r2bix\r2base_TextureFrameAnimationTableBase.h">
      <Filter>external\r2bix</Filter>
    </ClInclude>
    <ClInclude Include="external\r2bix\r2base_TextureTableBase.h">
      <Filter>external\r2bix</Filter>
    </ClInclude>
    <ClInclude Include="external\r2bix\r2base_VersionInfo.h">
      <Filter>external\r2bix</Filter>
    </ClInclude>
    <ClInclude Include="external\r2bix\r2component_ActionProcessComponent.h">
      <Filter>external\r2bix</Filter>
    </ClInclude>
    <ClInclude Include="external\r2bix\r2component_CustomTextureComponent.h">
      <Filter>external\r2bix</Filter>
    </ClInclude>
    <ClInclude Include="external\r2bix\r2component_LabelComponent.h">
      <Filter>external\r2bix</Filter>
    </ClInclude>
    <ClInclude Include="external\r2bix\r2component_TextureFrameAnimationComponent.h">
      <Filter>external\r2bix</Filter>
    </ClInclude>
    <ClInclude Include="external\r2bix\r2component_TextureFrameRenderComponent.h">
      <Filter>external\r2bix</Filter>
    </ClInclude>
    <ClInclude Include="external\r2bix\r2component_TextureRenderComponent.h">
      <Filter>external\r2bix</Filter>
    </ClInclude>
    <ClInclude Include="external\r2bix\r2component_TransformComponent.h">
      <Filter>external\r2bix</Filter>
    </ClInclude>
    <ClInclude Include="external\r2bix\r2input_Constant.h">
      <Filter>external\r2bix</Filter>
    </ClInclude>
    <ClInclude Include="external\r2bix\r2input_KeyboardInputCollector.h">
      <Filter>external\r2bix</Filter>
    </ClInclude>
    <ClInclude Include="external\r2bix\r2input_KeyboardInputListener.h">
      <Filter>external\r2bix</Filter>
    </ClInclude>
    <ClInclude Include="external\r2bix\r2node_CustomTextureNode.h">
      <Filter>external\r2bix</Filter>
    </ClInclude>
    <ClInclude Include="external\r2bix\r2node_LabelNode.h">
      <Filter>external\r2bix</Filter>
    </ClInclude>
    <ClInclude Include="external\r2bix\r2node_PivotNode.h">
      <Filter>external\r2bix</Filter>
    </ClInclude>
    <ClInclude Include="external\r2bix\r2node_SceneNode.h">
      <Filter>external\r2bix</Filter>
    </ClInclude>
    <ClInclude Include="external\r2bix\r2node_SpriteAnimationNode.h">
      <Filter>external\r2bix</Filter>
    </ClInclude>
    <ClInclude Include="external\r2bix\r2node_SpriteNode.h">
      <Filter>external\r2bix</Filter>
    </ClInclude>
    <ClInclude Include="external\r2bix\r2render_Camera.h">
      <Filter>external\r2bix</Filter>
    </ClInclude>
    <ClInclude Include="external\r2bix\r2render_iRenderTarget.h">
      <Filter>external\r2bix</Filter>
    </ClInclude>
    <ClInclude Include="external\r2bix\r2render_Texture.h">
      <Filter>external\r2bix</Filter>
    </ClInclude>
    <ClInclude Include="external\r2bix\r2render_TextureFrame.h">
      <Filter>external\r2bix</Filter>
    </ClInclude>
    <ClInclude Include="external\r2bix\r2utility_InputUtil.h">
      <Filter>external\r2bix</Filter>
    </ClInclude>
    <ClInclude Include="external\r2bix\r2utility_StringBuilder.h">
      <Filter>external\r2bix</Filter>
    </ClInclude>
    <ClInclude Include="src\p2048mini\p2048mini_GameSceneComponent.h">
      <Filter>p2048mini</Filter>
    </ClInclude>
    <ClInclude Include="external\r2\r2_SingletonWithStaticVariable.h">
      <Filter>external\r2</Filter>
    </ClInclude>
    <ClInclude Include="external\r2\r2_NoneCopyable.h">
      <Filter>external\r2</Filter>
    </ClInclude>
    <ClInclude Include="external\r2tm\r2tm_ColorModifier.h">
      <Filter>external\r2tm</Filter>
    </ClInclude>
    <ClInclude Include="external\r2tm\r2tm_Director.h">
      <Filter>external\r2tm</Filter>
    </ClInclude>
    <ClInclude Include="external\r2tm\r2tm_iItem.h">
      <Filter>external\r2tm</Filter>
    </ClInclude>
    <ClInclude Include="external\r2tm\r2tm_iMenu.h">
      <Filter>external\r2tm</Filter>
    </ClInclude>
    <ClInclude Include="external\r2tm\r2tm_Inspector.h">
      <Filter>external\r2tm</Filter>
    </ClInclude>
    <ClInclude Include="external\r2tm\r2tm_MenuConstant.h">
      <Filter>external\r2tm</Filter>
    </ClInclude>
    <ClInclude Include="external\r2tm\r2tm_MenuProcessor.h">
      <Filter>external\r2tm</Filter>
    </ClInclude>
    <ClInclude Include="external\r2tm\r2tm_ostream.h">
      <Filter>external\r2tm</Filter>
    </ClInclude>
    <ClInclude Include="external\r2tm\r2tm_PrintBinary.h">
      <Filter>external\r2tm</Filter>
    </ClInclude>
    <ClInclude Include="external\r2tm\r2tm_PrintFile.h">
      <Filter>external\r2tm</Filter>
    </ClInclude>
    <ClInclude Include="external\r2tm\r2tm_StopWatch.h">
      <Filter>external\r2tm</Filter>
    </ClInclude>
    <ClInclude Include="external\r2tm\r2tm_VersionInfo.h">
      <Filter>external\r2tm</Filter>
    </ClInclude>
    <ClInclude Include="external\r2tm\r2tm_WindowUtility.h">
      <Filter>external\r2tm</Filter>
    </ClInclude>
  </ItemGroup>
</Project>